// !$*UTF8*$!
{
	archiveVersion = 1;
	classes = {
	};
	objectVersion = 46;
	objects = {

/* Begin PBXFileReference section */
		0A5A9D82164CA97D00E9EB33 /* jarvis_mail_collector.cpython-32.pyc */ = {isa = PBXFileReference; lastKnownFileType = file; path = "jarvis_mail_collector.cpython-32.pyc"; sourceTree = "<group>"; };
		0A5A9D83164CA97D00E9EB33 /* jarvismail_methods.cpython-32.pyc */ = {isa = PBXFileReference; lastKnownFileType = file; path = "jarvismail_methods.cpython-32.pyc"; sourceTree = "<group>"; };
		0A5A9D84164CA97D00E9EB33 /* com.kmacapps.GetJmail copy.plist */ = {isa = PBXFileReference; fileEncoding = 4; lastKnownFileType = text.plist.xml; path = "com.kmacapps.GetJmail copy.plist"; sourceTree = "<group>"; };
		0A5A9D85164CA97D00E9EB33 /* jarvis_mail_collector.py */ = {isa = PBXFileReference; fileEncoding = 4; lastKnownFileType = text.script.python; path = jarvis_mail_collector.py; sourceTree = "<group>"; };
		0A5A9D86164CA97D00E9EB33 /* jarvismail_methods.py */ = {isa = PBXFileReference; fileEncoding = 4; lastKnownFileType = text.script.python; path = jarvismail_methods.py; sourceTree = "<group>"; };
		0A5A9D87164CA97D00E9EB33 /* jmail_new_messages.dat */ = {isa = PBXFileReference; lastKnownFileType = file; path = jmail_new_messages.dat; sourceTree = "<group>"; };
		0A5A9D88164CA97D00E9EB33 /* jmail_querry_list_balance_updater_Kevin.dat */ = {isa = PBXFileReference; lastKnownFileType = file; path = jmail_querry_list_balance_updater_Kevin.dat; sourceTree = "<group>"; };
		0A5A9D89164CA97D00E9EB33 /* jmail_querry_list_balance_updater_Rachael.dat */ = {isa = PBXFileReference; lastKnownFileType = file; path = jmail_querry_list_balance_updater_Rachael.dat; sourceTree = "<group>"; };
		0A5A9D8A164CA97D00E9EB33 /* jmail_querry_list_send_rachael_update_checker.dat */ = {isa = PBXFileReference; lastKnownFileType = file; path = jmail_querry_list_send_rachael_update_checker.dat; sourceTree = "<group>"; };
		0A5A9D8B164CA97D00E9EB33 /* read_pickled_messages.py */ = {isa = PBXFileReference; fileEncoding = 4; lastKnownFileType = text.script.python; path = read_pickled_messages.py; sourceTree = "<group>"; };
/* End PBXFileReference section */

/* Begin PBXGroup section */
		0A5A9D74164CA94E00E9EB33 = {
			isa = PBXGroup;
			children = (
				0A5A9D81164CA97D00E9EB33 /* __pycache__ */,
				0A5A9D84164CA97D00E9EB33 /* com.kmacapps.GetJmail copy.plist */,
				0A5A9D85164CA97D00E9EB33 /* jarvis_mail_collector.py */,
				0A5A9D86164CA97D00E9EB33 /* jarvismail_methods.py */,
				0A5A9D87164CA97D00E9EB33 /* jmail_new_messages.dat */,
				0A5A9D88164CA97D00E9EB33 /* jmail_querry_list_balance_updater_Kevin.dat */,
				0A5A9D89164CA97D00E9EB33 /* jmail_querry_list_balance_updater_Rachael.dat */,
				0A5A9D8A164CA97D00E9EB33 /* jmail_querry_list_send_rachael_update_checker.dat */,
				0A5A9D8B164CA97D00E9EB33 /* read_pickled_messages.py */,
			);
			sourceTree = "<group>";
		};
		0A5A9D81164CA97D00E9EB33 /* __pycache__ */ = {
			isa = PBXGroup;
			children = (
				0A5A9D82164CA97D00E9EB33 /* jarvis_mail_collector.cpython-32.pyc */,
				0A5A9D83164CA97D00E9EB33 /* jarvismail_methods.cpython-32.pyc */,
			);
			path = __pycache__;
			sourceTree = "<group>";
		};
/* End PBXGroup section */

/* Begin PBXLegacyTarget section */
		0A5A9D7B164CA94E00E9EB33 /* JarvisMail */ = {
			isa = PBXLegacyTarget;
			buildArgumentsString = "$(ACTION)";
			buildConfigurationList = 0A5A9D7E164CA94E00E9EB33 /* Build configuration list for PBXLegacyTarget "JarvisMail" */;
			buildPhases = (
			);
			buildToolPath = /Library/Frameworks/Python.framework/Versions/3.2/bin/python3.2;
			dependencies = (
			);
			name = JarvisMail;
			passBuildSettingsInEnvironment = 1;
			productName = JarvisMail;
		};
/* End PBXLegacyTarget section */

/* Begin PBXProject section */
		0A5A9D76164CA94E00E9EB33 /* Project object */ = {
			isa = PBXProject;
			attributes = {
				LastUpgradeCheck = 0450;
				ORGANIZATIONNAME = "Kevin McLaughlin";
			};
			buildConfigurationList = 0A5A9D79164CA94E00E9EB33 /* Build configuration list for PBXProject "JarvisMail" */;
			compatibilityVersion = "Xcode 3.2";
			developmentRegion = English;
			hasScannedForEncodings = 0;
			knownRegions = (
				en,
			);
			mainGroup = 0A5A9D74164CA94E00E9EB33;
			projectDirPath = "";
			projectRoot = "";
			targets = (
				0A5A9D7B164CA94E00E9EB33 /* JarvisMail */,
			);
		};
/* End PBXProject section */

/* Begin XCBuildConfiguration section */
		0A5A9D7C164CA94E00E9EB33 /* Debug */ = {
			isa = XCBuildConfiguration;
			buildSettings = {
				ALWAYS_SEARCH_USER_PATHS = NO;
				ARCHS = "$(ARCHS_STANDARD_64_BIT)";
				CLANG_CXX_LANGUAGE_STANDARD = "gnu++0x";
				CLANG_CXX_LIBRARY = "libc++";
				CLANG_WARN_EMPTY_BODY = YES;
				CLANG_WARN__DUPLICATE_METHOD_MATCH = YES;
				COPY_PHASE_STRIP = NO;
				GCC_C_LANGUAGE_STANDARD = gnu99;
				GCC_DYNAMIC_NO_PIC = NO;
				GCC_ENABLE_OBJC_EXCEPTIONS = YES;
				GCC_OPTIMIZATION_LEVEL = 0;
				GCC_PREPROCESSOR_DEFINITIONS = (
					"DEBUG=1",
					"$(inherited)",
				);
				GCC_SYMBOLS_PRIVATE_EXTERN = NO;
				GCC_WARN_64_TO_32_BIT_CONVERSION = YES;
				GCC_WARN_ABOUT_RETURN_TYPE = YES;
				GCC_WARN_UNINITIALIZED_AUTOS = YES;
				GCC_WARN_UNUSED_VARIABLE = YES;
				MACOSX_DEPLOYMENT_TARGET = 10.8;
				ONLY_ACTIVE_ARCH = YES;
				SDKROOT = macosx;
			};
			name = Debug;
		};
		0A5A9D7D164CA94E00E9EB33 /* Release */ = {
			isa = XCBuildConfiguration;
			buildSettings = {
				ALWAYS_SEARCH_USER_PATHS = NO;
				ARCHS = "$(ARCHS_STANDARD_64_BIT)";
				CLANG_CXX_LANGUAGE_STANDARD = "gnu++0x";
				CLANG_CXX_LIBRARY = "libc++";
				CLANG_WARN_EMPTY_BODY = YES;
				CLANG_WARN__DUPLICATE_METHOD_MATCH = YES;
				COPY_PHASE_STRIP = YES;
				DEBUG_INFORMATION_FORMAT = "dwarf-with-dsym";
				GCC_C_LANGUAGE_STANDARD = gnu99;
				GCC_ENABLE_OBJC_EXCEPTIONS = YES;
				GCC_WARN_64_TO_32_BIT_CONVERSION = YES;
				GCC_WARN_ABOUT_RETURN_TYPE = YES;
				GCC_WARN_UNINITIALIZED_AUTOS = YES;
				GCC_WARN_UNUSED_VARIABLE = YES;
				MACOSX_DEPLOYMENT_TARGET = 10.8;
				SDKROOT = macosx;
			};
			name = Release;
		};
		0A5A9D7F164CA94E00E9EB33 /* Debug */ = {
			isa = XCBuildConfiguration;
			buildSettings = {
				DEBUGGING_SYMBOLS = YES;
				GCC_GENERATE_DEBUGGING_SYMBOLS = YES;
				GCC_OPTIMIZATION_LEVEL = 0;
				OTHER_CFLAGS = "";
				OTHER_LDFLAGS = "";
				PRODUCT_NAME = "$(TARGET_NAME)";
			};
			name = Debug;
		};
		0A5A9D80164CA94E00E9EB33 /* Release */ = {
			isa = XCBuildConfiguration;
			buildSettings = {
				OTHER_CFLAGS = "";
				OTHER_LDFLAGS = "";
				PRODUCT_NAME = "$(TARGET_NAME)";
			};
			name = Release;
		};
/* End XCBuildConfiguration section */

/* Begin XCConfigurationList section */
		0A5A9D79164CA94E00E9EB33 /* Build configuration list for PBXProject "JarvisMail" */ = {
			isa = XCConfigurationList;
			buildConfigurations = (
				0A5A9D7C164CA94E00E9EB33 /* Debug */,
				0A5A9D7D164CA94E00E9EB33 /* Release */,
			);
			defaultConfigurationIsVisible = 0;
			defaultConfigurationName = Release;
		};
		0A5A9D7E164CA94E00E9EB33 /* Build configuration list for PBXLegacyTarget "JarvisMail" */ = {
			isa = XCConfigurationList;
			buildConfigurations = (
				0A5A9D7F164CA94E00E9EB33 /* Debug */,
				0A5A9D80164CA94E00E9EB33 /* Release */,
			);
			defaultConfigurationIsVisible = 0;
		};
/* End XCConfigurationList section */
	};
	rootObject = 0A5A9D76164CA94E00E9EB33 /* Project object */;
}
